// !$*UTF8*$!
{
	archiveVersion = 1;
	classes = {
	};
	objectVersion = 48;
	objects = {

/* Begin PBXBuildFile section */
		2B8BB8641F5C2DB2007868EC /* AppDelegate.swift in Sources */ = {isa = PBXBuildFile; fileRef = 2B8BB8631F5C2DB2007868EC /* AppDelegate.swift */; };
		2B8BB8661F5C2DB2007868EC /* ViewController.swift in Sources */ = {isa = PBXBuildFile; fileRef = 2B8BB8651F5C2DB2007868EC /* ViewController.swift */; };
		2B8BB8691F5C2DB2007868EC /* Main.storyboard in Resources */ = {isa = PBXBuildFile; fileRef = 2B8BB8671F5C2DB2007868EC /* Main.storyboard */; };
		2B8BB86B1F5C2DB2007868EC /* Assets.xcassets in Resources */ = {isa = PBXBuildFile; fileRef = 2B8BB86A1F5C2DB2007868EC /* Assets.xcassets */; };
		2B8BB86E1F5C2DB2007868EC /* LaunchScreen.storyboard in Resources */ = {isa = PBXBuildFile; fileRef = 2B8BB86C1F5C2DB2007868EC /* LaunchScreen.storyboard */; };
		2B8BB87C1F5C2F1B007868EC /* SearchViewController.storyboard in Resources */ = {isa = PBXBuildFile; fileRef = 2B8BB87B1F5C2F1B007868EC /* SearchViewController.storyboard */; };
/* End PBXBuildFile section */

/* Begin PBXFileReference section */
		2B8BB8601F5C2DB2007868EC /* UISearchControllerSample.app */ = {isa = PBXFileReference; explicitFileType = wrapper.application; includeInIndex = 0; path = UISearchControllerSample.app; sourceTree = BUILT_PRODUCTS_DIR; };
		2B8BB8631F5C2DB2007868EC /* AppDelegate.swift */ = {isa = PBXFileReference; lastKnownFileType = sourcecode.swift; path = AppDelegate.swift; sourceTree = "<group>"; };
		2B8BB8651F5C2DB2007868EC /* ViewController.swift */ = {isa = PBXFileReference; lastKnownFileType = sourcecode.swift; path = ViewController.swift; sourceTree = "<group>"; };
		2B8BB8681F5C2DB2007868EC /* Base */ = {isa = PBXFileReference; lastKnownFileType = file.storyboard; name = Base; path = Base.lproj/Main.storyboard; sourceTree = "<group>"; };
		2B8BB86A1F5C2DB2007868EC /* Assets.xcassets */ = {isa = PBXFileReference; lastKnownFileType = folder.assetcatalog; path = Assets.xcassets; sourceTree = "<group>"; };
		2B8BB86D1F5C2DB2007868EC /* Base */ = {isa = PBXFileReference; lastKnownFileType = file.storyboard; name = Base; path = Base.lproj/LaunchScreen.storyboard; sourceTree = "<group>"; };
		2B8BB86F1F5C2DB2007868EC /* Info.plist */ = {isa = PBXFileReference; lastKnownFileType = text.plist.xml; path = Info.plist; sourceTree = "<group>"; };
		2B8BB87B1F5C2F1B007868EC /* SearchViewController.storyboard */ = {isa = PBXFileReference; lastKnownFileType = file.storyboard; path = SearchViewController.storyboard; sourceTree = "<group>"; };
/* End PBXFileReference section */

/* Begin PBXFrameworksBuildPhase section */
		2B8BB85D1F5C2DB2007868EC /* Frameworks */ = {
			isa = PBXFrameworksBuildPhase;
			buildActionMask = 2147483647;
			files = (
			);
			runOnlyForDeploymentPostprocessing = 0;
		};
/* End PBXFrameworksBuildPhase section */

/* Begin PBXGroup section */
		2B8BB8571F5C2DB2007868EC = {
			isa = PBXGroup;
			children = (
				2B8BB8621F5C2DB2007868EC /* UISearchControllerSample */,
				2B8BB8611F5C2DB2007868EC /* Products */,
			);
			sourceTree = "<group>";
		};
		2B8BB8611F5C2DB2007868EC /* Products */ = {
			isa = PBXGroup;
			children = (
				2B8BB8601F5C2DB2007868EC /* UISearchControllerSample.app */,
			);
			name = Products;
			sourceTree = "<group>";
		};
		2B8BB8621F5C2DB2007868EC /* UISearchControllerSample */ = {
			isa = PBXGroup;
			children = (
				2B8BB8781F5C2E9D007868EC /* Storyboards */,
				2B8BB8771F5C2E9D007868EC /* ViewControllers */,
				2B8BB8631F5C2DB2007868EC /* AppDelegate.swift */,
				2B8BB8651F5C2DB2007868EC /* ViewController.swift */,
				2B8BB8671F5C2DB2007868EC /* Main.storyboard */,
				2B8BB86A1F5C2DB2007868EC /* Assets.xcassets */,
				2B8BB86C1F5C2DB2007868EC /* LaunchScreen.storyboard */,
				2B8BB86F1F5C2DB2007868EC /* Info.plist */,
			);
			path = UISearchControllerSample;
			sourceTree = "<group>";
		};
		2B8BB8771F5C2E9D007868EC /* ViewControllers */ = {
			isa = PBXGroup;
			children = (
			);
			path = ViewControllers;
			sourceTree = "<group>";
		};
		2B8BB8781F5C2E9D007868EC /* Storyboards */ = {
			isa = PBXGroup;
			children = (
				2B8BB87B1F5C2F1B007868EC /* SearchViewController.storyboard */,
			);
			path = Storyboards;
			sourceTree = "<group>";
		};
/* End PBXGroup section */

/* Begin PBXNativeTarget section */
		2B8BB85F1F5C2DB2007868EC /* UISearchControllerSample */ = {
			isa = PBXNativeTarget;
			buildConfigurationList = 2B8BB8721F5C2DB2007868EC /* Build configuration list for PBXNativeTarget "UISearchControllerSample" */;
			buildPhases = (
				2B8BB85C1F5C2DB2007868EC /* Sources */,
				2B8BB85D1F5C2DB2007868EC /* Frameworks */,
				2B8BB85E1F5C2DB2007868EC /* Resources */,
			);
			buildRules = (
			);
			dependencies = (
			);
			name = UISearchControllerSample;
			productName = UISearchControllerSample;
			productReference = 2B8BB8601F5C2DB2007868EC /* UISearchControllerSample.app */;
			productType = "com.apple.product-type.application";
		};
/* End PBXNativeTarget section */

/* Begin PBXProject section */
		2B8BB8581F5C2DB2007868EC /* Project object */ = {
			isa = PBXProject;
			attributes = {
				LastSwiftUpdateCheck = 0900;
				LastUpgradeCheck = 0900;
				ORGANIZATIONNAME = KojimaTatsuya;
				TargetAttributes = {
					2B8BB85F1F5C2DB2007868EC = {
						CreatedOnToolsVersion = 9.0;
						ProvisioningStyle = Automatic;
					};
				};
			};
			buildConfigurationList = 2B8BB85B1F5C2DB2007868EC /* Build configuration list for PBXProject "UISearchControllerSample" */;
			compatibilityVersion = "Xcode 8.0";
			developmentRegion = en;
			hasScannedForEncodings = 0;
			knownRegions = (
				en,
				Base,
			);
			mainGroup = 2B8BB8571F5C2DB2007868EC;
			productRefGroup = 2B8BB8611F5C2DB2007868EC /* Products */;
			projectDirPath = "";
			projectRoot = "";
			targets = (
				2B8BB85F1F5C2DB2007868EC /* UISearchControllerSample */,
			);
		};
/* End PBXProject section */

/* Begin PBXResourcesBuildPhase section */
		2B8BB85E1F5C2DB2007868EC /* Resources */ = {
			isa = PBXResourcesBuildPhase;
			buildActionMask = 2147483647;
			files = (
				2B8BB86E1F5C2DB2007868EC /* LaunchScreen.storyboard in Resources */,
				2B8BB86B1F5C2DB2007868EC /* Assets.xcassets in Resources */,
				2B8BB8691F5C2DB2007868EC /* Main.storyboard in Resources */,
				2B8BB87C1F5C2F1B007868EC /* SearchViewController.storyboard in Resources */,
			);
			runOnlyForDeploymentPostprocessing = 0;
		};
/* End PBXResourcesBuildPhase section */

/* Begin PBXSourcesBuildPhase section */
		2B8BB85C1F5C2DB2007868EC /* Sources */ = {
			isa = PBXSourcesBuildPhase;
			buildActionMask = 2147483647;
			files = (
				2B8BB8661F5C2DB2007868EC /* ViewController.swift in Sources */,
				2B8BB8641F5C2DB2007868EC /* AppDelegate.swift in Sources */,
			);
			runOnlyForDeploymentPostprocessing = 0;
		};
/* End PBXSourcesBuildPhase section */

/* Begin PBXVariantGroup section */
		2B8BB8671F5C2DB2007868EC /* Main.storyboard */ = {
			isa = PBXVariantGroup;
			children = (
				2B8BB8681F5C2DB2007868EC /* Base */,
			);
			name = Main.storyboard;
			sourceTree = "<group>";
		};
		2B8BB86C1F5C2DB2007868EC /* LaunchScreen.storyboard */ = {
			isa = PBXVariantGroup;
			children = (
				2B8BB86D1F5C2DB2007868EC /* Base */,
			);
			name = LaunchScreen.storyboard;
			sourceTree = "<group>";
		};
/* End PBXVariantGroup section */

/* Begin XCBuildConfiguration section */
		2B8BB8701F5C2DB2007868EC /* Debug */ = {
			isa = XCBuildConfiguration;
			buildSettings = {
				ALWAYS_SEARCH_USER_PATHS = NO;
				CLANG_ANALYZER_NONNULL = YES;
				CLANG_ANALYZER_NUMBER_OBJECT_CONVERSION = YES_AGGRESSIVE;
				CLANG_CXX_LANGUAGE_STANDARD = "gnu++14";
				CLANG_CXX_LIBRARY = "libc++";
				CLANG_ENABLE_MODULES = YES;
				CLANG_ENABLE_OBJC_ARC = YES;
				CLANG_WARN_BLOCK_CAPTURE_AUTORELEASING = YES;
				CLANG_WARN_BOOL_CONVERSION = YES;
				CLANG_WARN_COMMA = YES;
				CLANG_WARN_CONSTANT_CONVERSION = YES;
				CLANG_WARN_DIRECT_OBJC_ISA_USAGE = YES_ERROR;
				CLANG_WARN_DOCUMENTATION_COMMENTS = YES;
				CLANG_WARN_EMPTY_BODY = YES;
				CLANG_WARN_ENUM_CONVERSION = YES;
				CLANG_WARN_INFINITE_RECURSION = YES;
				CLANG_WARN_INT_CONVERSION = YES;
				CLANG_WARN_NON_LITERAL_NULL_CONVERSION = YES;
				CLANG_WARN_OBJC_LITERAL_CONVERSION = YES;
				CLANG_WARN_OBJC_ROOT_CLASS = YES_ERROR;
				CLANG_WARN_RANGE_LOOP_ANALYSIS = YES;
				CLANG_WARN_STRICT_PROTOTYPES = YES;
				CLANG_WARN_SUSPICIOUS_MOVE = YES;
				CLANG_WARN_UNGUARDED_AVAILABILITY = YES_AGGRESSIVE;
				CLANG_WARN_UNREACHABLE_CODE = YES;
				CLANG_WARN__DUPLICATE_METHOD_MATCH = YES;
				CODE_SIGN_IDENTITY = "iPhone Developer";
				COPY_PHASE_STRIP = NO;
				DEBUG_INFORMATION_FORMAT = dwarf;
				ENABLE_STRICT_OBJC_MSGSEND = YES;
				ENABLE_TESTABILITY = YES;
				GCC_C_LANGUAGE_STANDARD = gnu11;
				GCC_DYNAMIC_NO_PIC = NO;
				GCC_NO_COMMON_BLOCKS = YES;
				GCC_OPTIMIZATION_LEVEL = 0;
				GCC_PREPROCESSOR_DEFINITIONS = (
					"DEBUG=1",
					"$(inherited)",
				);
				GCC_WARN_64_TO_32_BIT_CONVERSION = YES;
				GCC_WARN_ABOUT_RETURN_TYPE = YES_ERROR;
				GCC_WARN_UNDECLARED_SELECTOR = YES;
				GCC_WARN_UNINITIALIZED_AUTOS = YES_AGGRESSIVE;
				GCC_WARN_UNUSED_FUNCTION = YES;
				GCC_WARN_UNUSED_VARIABLE = YES;
				IPHONEOS_DEPLOYMENT_TARGET = 11.0;
				MTL_ENABLE_DEBUG_INFO = YES;
				ONLY_ACTIVE_ARCH = YES;
				SDKROOT = iphoneos;
				SWIFT_ACTIVE_COMPILATION_CONDITIONS = DEBUG;
				SWIFT_OPTIMIZATION_LEVEL = "-Onone";
			};
			name = Debug;
		};
		2B8BB8711F5C2DB2007868EC /* Release */ = {
			isa = XCBuildConfiguration;
			buildSettings = {
				ALWAYS_SEARCH_USER_PATHS = NO;
				CLANG_ANALYZER_NONNULL = YES;
				CLANG_ANALYZER_NUMBER_OBJECT_CONVERSION = YES_AGGRESSIVE;
				CLANG_CXX_LANGUAGE_STANDARD = "gnu++14";
				CLANG_CXX_LIBRARY = "libc++";
				CLANG_ENABLE_MODULES = YES;
				CLANG_ENABLE_OBJC_ARC = YES;
				CLANG_WARN_BLOCK_CAPTURE_AUTORELEASING = YES;
				CLANG_WARN_BOOL_CONVERSION = YES;
				CLANG_WARN_COMMA = YES;
				CLANG_WARN_CONSTANT_CONVERSION = YES;
				CLANG_WARN_DIRECT_OBJC_ISA_USAGE = YES_ERROR;
				CLANG_WARN_DOCUMENTATION_COMMENTS = YES;
				CLANG_WARN_EMPTY_BODY = YES;
				CLANG_WARN_ENUM_CONVERSION = YES;
				CLANG_WARN_INFINITE_RECURSION = YES;
				CLANG_WARN_INT_CONVERSION = YES;
				CLANG_WARN_NON_LITERAL_NULL_CONVERSION = YES;
				CLANG_WARN_OBJC_LITERAL_CONVERSION = YES;
				CLANG_WARN_OBJC_ROOT_CLASS = YES_ERROR;
				CLANG_WARN_RANGE_LOOP_ANALYSIS = YES;
				CLANG_WARN_STRICT_PROTOTYPES = YES;
				CLANG_WARN_SUSPICIOUS_MOVE = YES;
				CLANG_WARN_UNGUARDED_AVAILABILITY = YES_AGGRESSIVE;
				CLANG_WARN_UNREACHABLE_CODE = YES;
				CLANG_WARN__DUPLICATE_METHOD_MATCH = YES;
				CODE_SIGN_IDENTITY = "iPhone Developer";
				COPY_PHASE_STRIP = NO;
				DEBUG_INFORMATION_FORMAT = "dwarf-with-dsym";
				ENABLE_NS_ASSERTIONS = NO;
				ENABLE_STRICT_OBJC_MSGSEND = YES;
				GCC_C_LANGUAGE_STANDARD = gnu11;
				GCC_NO_COMMON_BLOCKS = YES;
				GCC_WARN_64_TO_32_BIT_CONVERSION = YES;
				GCC_WARN_ABOUT_RETURN_TYPE = YES_ERROR;
				GCC_WARN_UNDECLARED_SELECTOR = YES;
				GCC_WARN_UNINITIALIZED_AUTOS = YES_AGGRESSIVE;
				GCC_WARN_UNUSED_FUNCTION = YES;
				GCC_WARN_UNUSED_VARIABLE = YES;
				IPHONEOS_DEPLOYMENT_TARGET = 11.0;
				MTL_ENABLE_DEBUG_INFO = NO;
				SDKROOT = iphoneos;
				SWIFT_OPTIMIZATION_LEVEL = "-Owholemodule";
				VALIDATE_PRODUCT = YES;
			};
			name = Release;
		};
		2B8BB8731F5C2DB2007868EC /* Debug */ = {
			isa = XCBuildConfiguration;
			buildSettings = {
				ASSETCATALOG_COMPILER_APPICON_NAME = AppIcon;
				CODE_SIGN_STYLE = Automatic;
				INFOPLIST_FILE = UISearchControllerSample/Info.plist;
				LD_RUNPATH_SEARCH_PATHS = "$(inherited) @executable_path/Frameworks";
				PRODUCT_BUNDLE_IDENTIFIER = io.komaji.UISearchControllerSample;
				PRODUCT_NAME = "$(TARGET_NAME)";
				SWIFT_VERSION = 4.0;
				TARGETED_DEVICE_FAMILY = "1,2";
			};
			name = Debug;
		};
		2B8BB8741F5C2DB2007868EC /* Release */ = {
			isa = XCBuildConfiguration;
			buildSettings = {
				ASSETCATALOG_COMPILER_APPICON_NAME = AppIcon;
				CODE_SIGN_STYLE = Automatic;
				INFOPLIST_FILE = UISearchControllerSample/Info.plist;
				LD_RUNPATH_SEARCH_PATHS = "$(inherited) @executable_path/Frameworks";
				PRODUCT_BUNDLE_IDENTIFIER = io.komaji.UISearchControllerSample;
				PRODUCT_NAME = "$(TARGET_NAME)";
				SWIFT_VERSION = 4.0;
				TARGETED_DEVICE_FAMILY = "1,2";
			};
			name = Release;
		};
/* End XCBuildConfiguration section */

/* Begin XCConfigurationList section */
		2B8BB85B1F5C2DB2007868EC /* Build configuration list for PBXProject "UISearchControllerSample" */ = {
			isa = XCConfigurationList;
			buildConfigurations = (
				2B8BB8701F5C2DB2007868EC /* Debug */,
				2B8BB8711F5C2DB2007868EC /* Release */,
			);
			defaultConfigurationIsVisible = 0;
			defaultConfigurationName = Release;
		};
		2B8BB8721F5C2DB2007868EC /* Build configuration list for PBXNativeTarget "UISearchControllerSample" */ = {
			isa = XCConfigurationList;
			buildConfigurations = (
				2B8BB8731F5C2DB2007868EC /* Debug */,
				2B8BB8741F5C2DB2007868EC /* Release */,
			);
			defaultConfigurationIsVisible = 0;
			defaultConfigurationName = Release;
		};
/* End XCConfigurationList section */
	};
	rootObject = 2B8BB8581F5C2DB2007868EC /* Project object */;
}
